
Microsoft Visual Studio Solution File, Format Version 12.00
# Visual Studio Version 17
VisualStudioVersion = 17.0.31903.59
MinimumVisualStudioVersion = 10.0.40219.1
Project("{FAE04EC0-301F-11D3-BF4B-00C04F79EFBC}") = "Scheduler_Code", "Scheduler_Code\Scheduler_Code.csproj", "{0689FD27-EE69-4CA8-9D57-E95B41A5ACD7}"
EndProject
Project("{FAE04EC0-301F-11D3-BF4B-00C04F79EFBC}") = "Scheduler_Tests", "Scheduler_Tests\Scheduler_Tests.csproj", "{66B9E579-F1E5-421E-A596-4A0471880ABA}"
EndProject
Global
	GlobalSection(SolutionConfigurationPlatforms) = preSolution
		Debug|Any CPU = Debug|Any CPU
		Debug|x64 = Debug|x64
		Debug|x86 = Debug|x86
		Release|Any CPU = Release|Any CPU
		Release|x64 = Release|x64
		Release|x86 = Release|x86
	EndGlobalSection
	GlobalSection(ProjectConfigurationPlatforms) = postSolution
		{0689FD27-EE69-4CA8-9D57-E95B41A5ACD7}.Debug|Any CPU.ActiveCfg = Debug|Any CPU
		{0689FD27-EE69-4CA8-9D57-E95B41A5ACD7}.Debug|Any CPU.Build.0 = Debug|Any CPU
		{0689FD27-EE69-4CA8-9D57-E95B41A5ACD7}.Debug|x64.ActiveCfg = Debug|Any CPU
		{0689FD27-EE69-4CA8-9D57-E95B41A5ACD7}.Debug|x64.Build.0 = Debug|Any CPU
		{0689FD27-EE69-4CA8-9D57-E95B41A5ACD7}.Debug|x86.ActiveCfg = Debug|Any CPU
		{0689FD27-EE69-4CA8-9D57-E95B41A5ACD7}.Debug|x86.Build.0 = Debug|Any CPU
		{0689FD27-EE69-4CA8-9D57-E95B41A5ACD7}.Release|Any CPU.ActiveCfg = Release|Any CPU
		{0689FD27-EE69-4CA8-9D57-E95B41A5ACD7}.Release|Any CPU.Build.0 = Release|Any CPU
		{0689FD27-EE69-4CA8-9D57-E95B41A5ACD7}.Release|x64.ActiveCfg = Release|Any CPU
		{0689FD27-EE69-4CA8-9D57-E95B41A5ACD7}.Release|x64.Build.0 = Release|Any CPU
		{0689FD27-EE69-4CA8-9D57-E95B41A5ACD7}.Release|x86.ActiveCfg = Release|Any CPU
		{0689FD27-EE69-4CA8-9D57-E95B41A5ACD7}.Release|x86.Build.0 = Release|Any CPU
		{66B9E579-F1E5-421E-A596-4A0471880ABA}.Debug|Any CPU.ActiveCfg = Debug|Any CPU
		{66B9E579-F1E5-421E-A596-4A0471880ABA}.Debug|Any CPU.Build.0 = Debug|Any CPU
		{66B9E579-F1E5-421E-A596-4A0471880ABA}.Debug|x64.ActiveCfg = Debug|Any CPU
		{66B9E579-F1E5-421E-A596-4A0471880ABA}.Debug|x64.Build.0 = Debug|Any CPU
		{66B9E579-F1E5-421E-A596-4A0471880ABA}.Debug|x86.ActiveCfg = Debug|Any CPU
		{66B9E579-F1E5-421E-A596-4A0471880ABA}.Debug|x86.Build.0 = Debug|Any CPU
		{66B9E579-F1E5-421E-A596-4A0471880ABA}.Release|Any CPU.ActiveCfg = Release|Any CPU
		{66B9E579-F1E5-421E-A596-4A0471880ABA}.Release|Any CPU.Build.0 = Release|Any CPU
		{66B9E579-F1E5-421E-A596-4A0471880ABA}.Release|x64.ActiveCfg = Release|Any CPU
		{66B9E579-F1E5-421E-A596-4A0471880ABA}.Release|x64.Build.0 = Release|Any CPU
		{66B9E579-F1E5-421E-A596-4A0471880ABA}.Release|x86.ActiveCfg = Release|Any CPU
		{66B9E579-F1E5-421E-A596-4A0471880ABA}.Release|x86.Build.0 = Release|Any CPU
	EndGlobalSection
	GlobalSection(SolutionProperties) = preSolution
		HideSolutionNode = FALSE
	EndGlobalSection
EndGlobal
